// !$*UTF8*$!
{
	archiveVersion = 1;
	classes = {
	};
	objectVersion = 46;
	objects = {

/* Begin PBXBuildFile section */
		BF89097A1AA075010029AE16 /* AppDelegate.swift in Sources */ = {isa = PBXBuildFile; fileRef = BF8909791AA075010029AE16 /* AppDelegate.swift */; };
		BF89097C1AA075010029AE16 /* ViewController.swift in Sources */ = {isa = PBXBuildFile; fileRef = BF89097B1AA075010029AE16 /* ViewController.swift */; };
		BF89097F1AA075010029AE16 /* Main.storyboard in Resources */ = {isa = PBXBuildFile; fileRef = BF89097D1AA075010029AE16 /* Main.storyboard */; };
		BF8909811AA075010029AE16 /* Images.xcassets in Resources */ = {isa = PBXBuildFile; fileRef = BF8909801AA075010029AE16 /* Images.xcassets */; };
		BF8909841AA075010029AE16 /* LaunchScreen.xib in Resources */ = {isa = PBXBuildFile; fileRef = BF8909821AA075010029AE16 /* LaunchScreen.xib */; };
		BF8909901AA075010029AE16 /* circlecitestTests.swift in Sources */ = {isa = PBXBuildFile; fileRef = BF89098F1AA075010029AE16 /* circlecitestTests.swift */; };
/* End PBXBuildFile section */

/* Begin PBXContainerItemProxy section */
		BF89098A1AA075010029AE16 /* PBXContainerItemProxy */ = {
			isa = PBXContainerItemProxy;
			containerPortal = BF89096C1AA075010029AE16 /* Project object */;
			proxyType = 1;
			remoteGlobalIDString = BF8909731AA075010029AE16;
			remoteInfo = circlecitest;
		};
/* End PBXContainerItemProxy section */

/* Begin PBXFileReference section */
		BF8909741AA075010029AE16 /* circlecitest.app */ = {isa = PBXFileReference; explicitFileType = wrapper.application; includeInIndex = 0; path = circlecitest.app; sourceTree = BUILT_PRODUCTS_DIR; };
		BF8909781AA075010029AE16 /* Info.plist */ = {isa = PBXFileReference; lastKnownFileType = text.plist.xml; path = Info.plist; sourceTree = "<group>"; };
		BF8909791AA075010029AE16 /* AppDelegate.swift */ = {isa = PBXFileReference; lastKnownFileType = sourcecode.swift; path = AppDelegate.swift; sourceTree = "<group>"; };
		BF89097B1AA075010029AE16 /* ViewController.swift */ = {isa = PBXFileReference; lastKnownFileType = sourcecode.swift; path = ViewController.swift; sourceTree = "<group>"; };
		BF89097E1AA075010029AE16 /* Base */ = {isa = PBXFileReference; lastKnownFileType = file.storyboard; name = Base; path = Base.lproj/Main.storyboard; sourceTree = "<group>"; };
		BF8909801AA075010029AE16 /* Images.xcassets */ = {isa = PBXFileReference; lastKnownFileType = folder.assetcatalog; path = Images.xcassets; sourceTree = "<group>"; };
		BF8909831AA075010029AE16 /* Base */ = {isa = PBXFileReference; lastKnownFileType = file.xib; name = Base; path = Base.lproj/LaunchScreen.xib; sourceTree = "<group>"; };
		BF8909891AA075010029AE16 /* circlecitestTests.xctest */ = {isa = PBXFileReference; explicitFileType = wrapper.cfbundle; includeInIndex = 0; path = circlecitestTests.xctest; sourceTree = BUILT_PRODUCTS_DIR; };
		BF89098E1AA075010029AE16 /* Info.plist */ = {isa = PBXFileReference; lastKnownFileType = text.plist.xml; path = Info.plist; sourceTree = "<group>"; };
		BF89098F1AA075010029AE16 /* circlecitestTests.swift */ = {isa = PBXFileReference; lastKnownFileType = sourcecode.swift; path = circlecitestTests.swift; sourceTree = "<group>"; };
/* End PBXFileReference section */

/* Begin PBXFrameworksBuildPhase section */
		BF8909711AA075010029AE16 /* Frameworks */ = {
			isa = PBXFrameworksBuildPhase;
			buildActionMask = 2147483647;
			files = (
			);
			runOnlyForDeploymentPostprocessing = 0;
		};
		BF8909861AA075010029AE16 /* Frameworks */ = {
			isa = PBXFrameworksBuildPhase;
			buildActionMask = 2147483647;
			files = (
			);
			runOnlyForDeploymentPostprocessing = 0;
		};
/* End PBXFrameworksBuildPhase section */

/* Begin PBXGroup section */
		BF89096B1AA075010029AE16 = {
			isa = PBXGroup;
			children = (
				BF8909761AA075010029AE16 /* circlecitest */,
				BF89098C1AA075010029AE16 /* circlecitestTests */,
				BF8909751AA075010029AE16 /* Products */,
			);
			sourceTree = "<group>";
		};
		BF8909751AA075010029AE16 /* Products */ = {
			isa = PBXGroup;
			children = (
				BF8909741AA075010029AE16 /* circlecitest.app */,
				BF8909891AA075010029AE16 /* circlecitestTests.xctest */,
			);
			name = Products;
			sourceTree = "<group>";
		};
		BF8909761AA075010029AE16 /* circlecitest */ = {
			isa = PBXGroup;
			children = (
				BF8909791AA075010029AE16 /* AppDelegate.swift */,
				BF89097B1AA075010029AE16 /* ViewController.swift */,
				BF89097D1AA075010029AE16 /* Main.storyboard */,
				BF8909801AA075010029AE16 /* Images.xcassets */,
				BF8909821AA075010029AE16 /* LaunchScreen.xib */,
				BF8909771AA075010029AE16 /* Supporting Files */,
			);
			path = circlecitest;
			sourceTree = "<group>";
		};
		BF8909771AA075010029AE16 /* Supporting Files */ = {
			isa = PBXGroup;
			children = (
				BF8909781AA075010029AE16 /* Info.plist */,
			);
			name = "Supporting Files";
			sourceTree = "<group>";
		};
		BF89098C1AA075010029AE16 /* circlecitestTests */ = {
			isa = PBXGroup;
			children = (
				BF89098F1AA075010029AE16 /* circlecitestTests.swift */,
				BF89098D1AA075010029AE16 /* Supporting Files */,
			);
			path = circlecitestTests;
			sourceTree = "<group>";
		};
		BF89098D1AA075010029AE16 /* Supporting Files */ = {
			isa = PBXGroup;
			children = (
				BF89098E1AA075010029AE16 /* Info.plist */,
			);
			name = "Supporting Files";
			sourceTree = "<group>";
		};
/* End PBXGroup section */

/* Begin PBXNativeTarget section */
		BF8909731AA075010029AE16 /* circlecitest */ = {
			isa = PBXNativeTarget;
			buildConfigurationList = BF8909931AA075010029AE16 /* Build configuration list for PBXNativeTarget "circlecitest" */;
			buildPhases = (
				BF8909701AA075010029AE16 /* Sources */,
				BF8909711AA075010029AE16 /* Frameworks */,
				BF8909721AA075010029AE16 /* Resources */,
			);
			buildRules = (
			);
			dependencies = (
			);
			name = circlecitest;
			productName = circlecitest;
			productReference = BF8909741AA075010029AE16 /* circlecitest.app */;
			productType = "com.apple.product-type.application";
		};
		BF8909881AA075010029AE16 /* circlecitestTests */ = {
			isa = PBXNativeTarget;
			buildConfigurationList = BF8909961AA075010029AE16 /* Build configuration list for PBXNativeTarget "circlecitestTests" */;
			buildPhases = (
				BF8909851AA075010029AE16 /* Sources */,
				BF8909861AA075010029AE16 /* Frameworks */,
				BF8909871AA075010029AE16 /* Resources */,
			);
			buildRules = (
			);
			dependencies = (
				BF89098B1AA075010029AE16 /* PBXTargetDependency */,
			);
			name = circlecitestTests;
			productName = circlecitestTests;
			productReference = BF8909891AA075010029AE16 /* circlecitestTests.xctest */;
			productType = "com.apple.product-type.bundle.unit-test";
		};
/* End PBXNativeTarget section */

/* Begin PBXProject section */
		BF89096C1AA075010029AE16 /* Project object */ = {
			isa = PBXProject;
			attributes = {
				LastUpgradeCheck = 0610;
				ORGANIZATIONNAME = circlecitest;
				TargetAttributes = {
					BF8909731AA075010029AE16 = {
						CreatedOnToolsVersion = 6.1.1;
					};
					BF8909881AA075010029AE16 = {
						CreatedOnToolsVersion = 6.1.1;
						TestTargetID = BF8909731AA075010029AE16;
					};
				};
			};
			buildConfigurationList = BF89096F1AA075010029AE16 /* Build configuration list for PBXProject "circlecitest" */;
			compatibilityVersion = "Xcode 3.2";
			developmentRegion = English;
			hasScannedForEncodings = 0;
			knownRegions = (
				en,
				Base,
			);
			mainGroup = BF89096B1AA075010029AE16;
			productRefGroup = BF8909751AA075010029AE16 /* Products */;
			projectDirPath = "";
			projectRoot = "";
			targets = (
				BF8909731AA075010029AE16 /* circlecitest */,
				BF8909881AA075010029AE16 /* circlecitestTests */,
			);
		};
/* End PBXProject section */

/* Begin PBXResourcesBuildPhase section */
		BF8909721AA075010029AE16 /* Resources */ = {
			isa = PBXResourcesBuildPhase;
			buildActionMask = 2147483647;
			files = (
				BF89097F1AA075010029AE16 /* Main.storyboard in Resources */,
				BF8909841AA075010029AE16 /* LaunchScreen.xib in Resources */,
				BF8909811AA075010029AE16 /* Images.xcassets in Resources */,
			);
			runOnlyForDeploymentPostprocessing = 0;
		};
		BF8909871AA075010029AE16 /* Resources */ = {
			isa = PBXResourcesBuildPhase;
			buildActionMask = 2147483647;
			files = (
			);
			runOnlyForDeploymentPostprocessing = 0;
		};
/* End PBXResourcesBuildPhase section */

/* Begin PBXSourcesBuildPhase section */
		BF8909701AA075010029AE16 /* Sources */ = {
			isa = PBXSourcesBuildPhase;
			buildActionMask = 2147483647;
			files = (
				BF89097C1AA075010029AE16 /* ViewController.swift in Sources */,
				BF89097A1AA075010029AE16 /* AppDelegate.swift in Sources */,
			);
			runOnlyForDeploymentPostprocessing = 0;
		};
		BF8909851AA075010029AE16 /* Sources */ = {
			isa = PBXSourcesBuildPhase;
			buildActionMask = 2147483647;
			files = (
				BF8909901AA075010029AE16 /* circlecitestTests.swift in Sources */,
			);
			runOnlyForDeploymentPostprocessing = 0;
		};
/* End PBXSourcesBuildPhase section */

/* Begin PBXTargetDependency section */
		BF89098B1AA075010029AE16 /* PBXTargetDependency */ = {
			isa = PBXTargetDependency;
			target = BF8909731AA075010029AE16 /* circlecitest */;
			targetProxy = BF89098A1AA075010029AE16 /* PBXContainerItemProxy */;
		};
/* End PBXTargetDependency section */

/* Begin PBXVariantGroup section */
		BF89097D1AA075010029AE16 /* Main.storyboard */ = {
			isa = PBXVariantGroup;
			children = (
				BF89097E1AA075010029AE16 /* Base */,
			);
			name = Main.storyboard;
			sourceTree = "<group>";
		};
		BF8909821AA075010029AE16 /* LaunchScreen.xib */ = {
			isa = PBXVariantGroup;
			children = (
				BF8909831AA075010029AE16 /* Base */,
			);
			name = LaunchScreen.xib;
			sourceTree = "<group>";
		};
/* End PBXVariantGroup section */

/* Begin XCBuildConfiguration section */
		BF8909911AA075010029AE16 /* Debug */ = {
			isa = XCBuildConfiguration;
			buildSettings = {
				ALWAYS_SEARCH_USER_PATHS = NO;
				CLANG_CXX_LANGUAGE_STANDARD = "gnu++0x";
				CLANG_CXX_LIBRARY = "libc++";
				CLANG_ENABLE_MODULES = YES;
				CLANG_ENABLE_OBJC_ARC = YES;
				CLANG_WARN_BOOL_CONVERSION = YES;
				CLANG_WARN_CONSTANT_CONVERSION = YES;
				CLANG_WARN_DIRECT_OBJC_ISA_USAGE = YES_ERROR;
				CLANG_WARN_EMPTY_BODY = YES;
				CLANG_WARN_ENUM_CONVERSION = YES;
				CLANG_WARN_INT_CONVERSION = YES;
				CLANG_WARN_OBJC_ROOT_CLASS = YES_ERROR;
				CLANG_WARN_UNREACHABLE_CODE = YES;
				CLANG_WARN__DUPLICATE_METHOD_MATCH = YES;
				"CODE_SIGN_IDENTITY[sdk=iphoneos*]" = "iPhone Developer";
				COPY_PHASE_STRIP = NO;
				ENABLE_STRICT_OBJC_MSGSEND = YES;
				GCC_C_LANGUAGE_STANDARD = gnu99;
				GCC_DYNAMIC_NO_PIC = NO;
				GCC_OPTIMIZATION_LEVEL = 0;
				GCC_PREPROCESSOR_DEFINITIONS = (
					"DEBUG=1",
					"$(inherited)",
				);
				GCC_SYMBOLS_PRIVATE_EXTERN = NO;
				GCC_WARN_64_TO_32_BIT_CONVERSION = YES;
				GCC_WARN_ABOUT_RETURN_TYPE = YES_ERROR;
				GCC_WARN_UNDECLARED_SELECTOR = YES;
				GCC_WARN_UNINITIALIZED_AUTOS = YES_AGGRESSIVE;
				GCC_WARN_UNUSED_FUNCTION = YES;
				GCC_WARN_UNUSED_VARIABLE = YES;
				IPHONEOS_DEPLOYMENT_TARGET = 8.1;
				MTL_ENABLE_DEBUG_INFO = YES;
				ONLY_ACTIVE_ARCH = YES;
				SDKROOT = iphoneos;
				SWIFT_OPTIMIZATION_LEVEL = "-Onone";
			};
			name = Debug;
		};
		BF8909921AA075010029AE16 /* Release */ = {
			isa = XCBuildConfiguration;
			buildSettings = {
				ALWAYS_SEARCH_USER_PATHS = NO;
				CLANG_CXX_LANGUAGE_STANDARD = "gnu++0x";
				CLANG_CXX_LIBRARY = "libc++";
				CLANG_ENABLE_MODULES = YES;
				CLANG_ENABLE_OBJC_ARC = YES;
				CLANG_WARN_BOOL_CONVERSION = YES;
				CLANG_WARN_CONSTANT_CONVERSION = YES;
				CLANG_WARN_DIRECT_OBJC_ISA_USAGE = YES_ERROR;
				CLANG_WARN_EMPTY_BODY = YES;
				CLANG_WARN_ENUM_CONVERSION = YES;
				CLANG_WARN_INT_CONVERSION = YES;
				CLANG_WARN_OBJC_ROOT_CLASS = YES_ERROR;
				CLANG_WARN_UNREACHABLE_CODE = YES;
				CLANG_WARN__DUPLICATE_METHOD_MATCH = YES;
				"CODE_SIGN_IDENTITY[sdk=iphoneos*]" = "iPhone Developer";
				COPY_PHASE_STRIP = YES;
				ENABLE_NS_ASSERTIONS = NO;
				ENABLE_STRICT_OBJC_MSGSEND = YES;
				GCC_C_LANGUAGE_STANDARD = gnu99;
				GCC_WARN_64_TO_32_BIT_CONVERSION = YES;
				GCC_WARN_ABOUT_RETURN_TYPE = YES_ERROR;
				GCC_WARN_UNDECLARED_SELECTOR = YES;
				GCC_WARN_UNINITIALIZED_AUTOS = YES_AGGRESSIVE;
				GCC_WARN_UNUSED_FUNCTION = YES;
				GCC_WARN_UNUSED_VARIABLE = YES;
				IPHONEOS_DEPLOYMENT_TARGET = 8.1;
				MTL_ENABLE_DEBUG_INFO = NO;
				SDKROOT = iphoneos;
				VALIDATE_PRODUCT = YES;
			};
			name = Release;
		};
		BF8909941AA075010029AE16 /* Debug */ = {
			isa = XCBuildConfiguration;
			buildSettings = {
				ASSETCATALOG_COMPILER_APPICON_NAME = AppIcon;
				INFOPLIST_FILE = circlecitest/Info.plist;
				LD_RUNPATH_SEARCH_PATHS = "$(inherited) @executable_path/Frameworks";
				PRODUCT_NAME = "$(TARGET_NAME)";
			};
			name = Debug;
		};
		BF8909951AA075010029AE16 /* Release */ = {
			isa = XCBuildConfiguration;
			buildSettings = {
				ASSETCATALOG_COMPILER_APPICON_NAME = AppIcon;
				INFOPLIST_FILE = circlecitest/Info.plist;
				LD_RUNPATH_SEARCH_PATHS = "$(inherited) @executable_path/Frameworks";
				PRODUCT_NAME = "$(TARGET_NAME)";
			};
			name = Release;
		};
		BF8909971AA075010029AE16 /* Debug */ = {
			isa = XCBuildConfiguration;
			buildSettings = {
				BUNDLE_LOADER = "$(TEST_HOST)";
				FRAMEWORK_SEARCH_PATHS = (
					"$(SDKROOT)/Developer/Library/Frameworks",
					"$(inherited)",
				);
				GCC_PREPROCESSOR_DEFINITIONS = (
					"DEBUG=1",
					"$(inherited)",
				);
				INFOPLIST_FILE = circlecitestTests/Info.plist;
				LD_RUNPATH_SEARCH_PATHS = "$(inherited) @executable_path/Frameworks @loader_path/Frameworks";
				PRODUCT_NAME = "$(TARGET_NAME)";
				TEST_HOST = "$(BUILT_PRODUCTS_DIR)/circlecitest.app/circlecitest";
			};
			name = Debug;
		};
		BF8909981AA075010029AE16 /* Release */ = {
			isa = XCBuildConfiguration;
			buildSettings = {
				BUNDLE_LOADER = "$(TEST_HOST)";
				FRAMEWORK_SEARCH_PATHS = (
					"$(SDKROOT)/Developer/Library/Frameworks",
					"$(inherited)",
				);
				INFOPLIST_FILE = circlecitestTests/Info.plist;
				LD_RUNPATH_SEARCH_PATHS = "$(inherited) @executable_path/Frameworks @loader_path/Frameworks";
				PRODUCT_NAME = "$(TARGET_NAME)";
				TEST_HOST = "$(BUILT_PRODUCTS_DIR)/circlecitest.app/circlecitest";
			};
			name = Release;
		};
/* End XCBuildConfiguration section */

/* Begin XCConfigurationList section */
		BF89096F1AA075010029AE16 /* Build configuration list for PBXProject "circlecitest" */ = {
			isa = XCConfigurationList;
			buildConfigurations = (
				BF8909911AA075010029AE16 /* Debug */,
				BF8909921AA075010029AE16 /* Release */,
			);
			defaultConfigurationIsVisible = 0;
			defaultConfigurationName = Release;
		};
		BF8909931AA075010029AE16 /* Build configuration list for PBXNativeTarget "circlecitest" */ = {
			isa = XCConfigurationList;
			buildConfigurations = (
				BF8909941AA075010029AE16 /* Debug */,
				BF8909951AA075010029AE16 /* Release */,
			);
			defaultConfigurationIsVisible = 0;
		};
		BF8909961AA075010029AE16 /* Build configuration list for PBXNativeTarget "circlecitestTests" */ = {
			isa = XCConfigurationList;
			buildConfigurations = (
				BF8909971AA075010029AE16 /* Debug */,
				BF8909981AA075010029AE16 /* Release */,
			);
			defaultConfigurationIsVisible = 0;
		};
/* End XCConfigurationList section */
	};
	rootObject = BF89096C1AA075010029AE16 /* Project object */;
}
